// !$*UTF8*$!
{
	archiveVersion = 1;
	classes = {
	};
	objectVersion = 46;
	objects = {

/* Begin PBXBuildFile section */
		36DC26FA1994CE5000E7BAE0 /* AppDelegate.swift in Sources */ = {isa = PBXBuildFile; fileRef = 36DC26F91994CE5000E7BAE0 /* AppDelegate.swift */; };
		36DC26FC1994CE5000E7BAE0 /* GameScene.sks in Resources */ = {isa = PBXBuildFile; fileRef = 36DC26FB1994CE5000E7BAE0 /* GameScene.sks */; };
		36DC26FE1994CE5000E7BAE0 /* GameScene.swift in Sources */ = {isa = PBXBuildFile; fileRef = 36DC26FD1994CE5000E7BAE0 /* GameScene.swift */; };
		36DC27001994CE5000E7BAE0 /* GameViewController.swift in Sources */ = {isa = PBXBuildFile; fileRef = 36DC26FF1994CE5000E7BAE0 /* GameViewController.swift */; };
		36DC27031994CE5000E7BAE0 /* Main.storyboard in Resources */ = {isa = PBXBuildFile; fileRef = 36DC27011994CE5000E7BAE0 /* Main.storyboard */; };
		36DC27051994CE5000E7BAE0 /* Images.xcassets in Resources */ = {isa = PBXBuildFile; fileRef = 36DC27041994CE5000E7BAE0 /* Images.xcassets */; };
		36DC27111994CE5000E7BAE0 /* PhysicsGameTests.swift in Sources */ = {isa = PBXBuildFile; fileRef = 36DC27101994CE5000E7BAE0 /* PhysicsGameTests.swift */; };
/* End PBXBuildFile section */

/* Begin PBXContainerItemProxy section */
		36DC270B1994CE5000E7BAE0 /* PBXContainerItemProxy */ = {
			isa = PBXContainerItemProxy;
			containerPortal = 36DC26EC1994CE5000E7BAE0 /* Project object */;
			proxyType = 1;
			remoteGlobalIDString = 36DC26F31994CE5000E7BAE0;
			remoteInfo = PhysicsGame;
		};
/* End PBXContainerItemProxy section */

/* Begin PBXFileReference section */
		36DC26F41994CE5000E7BAE0 /* PhysicsGame.app */ = {isa = PBXFileReference; explicitFileType = wrapper.application; includeInIndex = 0; path = PhysicsGame.app; sourceTree = BUILT_PRODUCTS_DIR; };
		36DC26F81994CE5000E7BAE0 /* Info.plist */ = {isa = PBXFileReference; lastKnownFileType = text.plist.xml; path = Info.plist; sourceTree = "<group>"; };
		36DC26F91994CE5000E7BAE0 /* AppDelegate.swift */ = {isa = PBXFileReference; lastKnownFileType = sourcecode.swift; path = AppDelegate.swift; sourceTree = "<group>"; };
		36DC26FB1994CE5000E7BAE0 /* GameScene.sks */ = {isa = PBXFileReference; lastKnownFileType = file.sks; path = GameScene.sks; sourceTree = "<group>"; };
		36DC26FD1994CE5000E7BAE0 /* GameScene.swift */ = {isa = PBXFileReference; lastKnownFileType = sourcecode.swift; path = GameScene.swift; sourceTree = "<group>"; };
		36DC26FF1994CE5000E7BAE0 /* GameViewController.swift */ = {isa = PBXFileReference; lastKnownFileType = sourcecode.swift; path = GameViewController.swift; sourceTree = "<group>"; };
		36DC27021994CE5000E7BAE0 /* Base */ = {isa = PBXFileReference; lastKnownFileType = file.storyboard; name = Base; path = Base.lproj/Main.storyboard; sourceTree = "<group>"; };
		36DC27041994CE5000E7BAE0 /* Images.xcassets */ = {isa = PBXFileReference; lastKnownFileType = folder.assetcatalog; path = Images.xcassets; sourceTree = "<group>"; };
		36DC270A1994CE5000E7BAE0 /* PhysicsGameTests.xctest */ = {isa = PBXFileReference; explicitFileType = wrapper.cfbundle; includeInIndex = 0; path = PhysicsGameTests.xctest; sourceTree = BUILT_PRODUCTS_DIR; };
		36DC270F1994CE5000E7BAE0 /* Info.plist */ = {isa = PBXFileReference; lastKnownFileType = text.plist.xml; path = Info.plist; sourceTree = "<group>"; };
		36DC27101994CE5000E7BAE0 /* PhysicsGameTests.swift */ = {isa = PBXFileReference; lastKnownFileType = sourcecode.swift; path = PhysicsGameTests.swift; sourceTree = "<group>"; };
/* End PBXFileReference section */

/* Begin PBXFrameworksBuildPhase section */
		36DC26F11994CE5000E7BAE0 /* Frameworks */ = {
			isa = PBXFrameworksBuildPhase;
			buildActionMask = 2147483647;
			files = (
			);
			runOnlyForDeploymentPostprocessing = 0;
		};
		36DC27071994CE5000E7BAE0 /* Frameworks */ = {
			isa = PBXFrameworksBuildPhase;
			buildActionMask = 2147483647;
			files = (
			);
			runOnlyForDeploymentPostprocessing = 0;
		};
/* End PBXFrameworksBuildPhase section */

/* Begin PBXGroup section */
		36DC26EB1994CE5000E7BAE0 = {
			isa = PBXGroup;
			children = (
				36DC26F61994CE5000E7BAE0 /* PhysicsGame */,
				36DC270D1994CE5000E7BAE0 /* PhysicsGameTests */,
				36DC26F51994CE5000E7BAE0 /* Products */,
			);
			sourceTree = "<group>";
		};
		36DC26F51994CE5000E7BAE0 /* Products */ = {
			isa = PBXGroup;
			children = (
				36DC26F41994CE5000E7BAE0 /* PhysicsGame.app */,
				36DC270A1994CE5000E7BAE0 /* PhysicsGameTests.xctest */,
			);
			name = Products;
			sourceTree = "<group>";
		};
		36DC26F61994CE5000E7BAE0 /* PhysicsGame */ = {
			isa = PBXGroup;
			children = (
				36DC26F91994CE5000E7BAE0 /* AppDelegate.swift */,
				36DC26FB1994CE5000E7BAE0 /* GameScene.sks */,
				36DC26FD1994CE5000E7BAE0 /* GameScene.swift */,
				36DC26FF1994CE5000E7BAE0 /* GameViewController.swift */,
				36DC27011994CE5000E7BAE0 /* Main.storyboard */,
				36DC27041994CE5000E7BAE0 /* Images.xcassets */,
				36DC26F71994CE5000E7BAE0 /* Supporting Files */,
			);
			path = PhysicsGame;
			sourceTree = "<group>";
		};
		36DC26F71994CE5000E7BAE0 /* Supporting Files */ = {
			isa = PBXGroup;
			children = (
				36DC26F81994CE5000E7BAE0 /* Info.plist */,
			);
			name = "Supporting Files";
			sourceTree = "<group>";
		};
		36DC270D1994CE5000E7BAE0 /* PhysicsGameTests */ = {
			isa = PBXGroup;
			children = (
				36DC27101994CE5000E7BAE0 /* PhysicsGameTests.swift */,
				36DC270E1994CE5000E7BAE0 /* Supporting Files */,
			);
			path = PhysicsGameTests;
			sourceTree = "<group>";
		};
		36DC270E1994CE5000E7BAE0 /* Supporting Files */ = {
			isa = PBXGroup;
			children = (
				36DC270F1994CE5000E7BAE0 /* Info.plist */,
			);
			name = "Supporting Files";
			sourceTree = "<group>";
		};
/* End PBXGroup section */

/* Begin PBXNativeTarget section */
		36DC26F31994CE5000E7BAE0 /* PhysicsGame */ = {
			isa = PBXNativeTarget;
			buildConfigurationList = 36DC27141994CE5000E7BAE0 /* Build configuration list for PBXNativeTarget "PhysicsGame" */;
			buildPhases = (
				36DC26F01994CE5000E7BAE0 /* Sources */,
				36DC26F11994CE5000E7BAE0 /* Frameworks */,
				36DC26F21994CE5000E7BAE0 /* Resources */,
			);
			buildRules = (
			);
			dependencies = (
			);
			name = PhysicsGame;
			productName = PhysicsGame;
			productReference = 36DC26F41994CE5000E7BAE0 /* PhysicsGame.app */;
			productType = "com.apple.product-type.application";
		};
		36DC27091994CE5000E7BAE0 /* PhysicsGameTests */ = {
			isa = PBXNativeTarget;
			buildConfigurationList = 36DC27171994CE5000E7BAE0 /* Build configuration list for PBXNativeTarget "PhysicsGameTests" */;
			buildPhases = (
				36DC27061994CE5000E7BAE0 /* Sources */,
				36DC27071994CE5000E7BAE0 /* Frameworks */,
				36DC27081994CE5000E7BAE0 /* Resources */,
			);
			buildRules = (
			);
			dependencies = (
				36DC270C1994CE5000E7BAE0 /* PBXTargetDependency */,
			);
			name = PhysicsGameTests;
			productName = PhysicsGameTests;
			productReference = 36DC270A1994CE5000E7BAE0 /* PhysicsGameTests.xctest */;
			productType = "com.apple.product-type.bundle.unit-test";
		};
/* End PBXNativeTarget section */

/* Begin PBXProject section */
		36DC26EC1994CE5000E7BAE0 /* Project object */ = {
			isa = PBXProject;
			attributes = {
				LastUpgradeCheck = 0600;
				ORGANIZATIONNAME = mohoo;
				TargetAttributes = {
					36DC26F31994CE5000E7BAE0 = {
						CreatedOnToolsVersion = 6.0;
					};
					36DC27091994CE5000E7BAE0 = {
						CreatedOnToolsVersion = 6.0;
						TestTargetID = 36DC26F31994CE5000E7BAE0;
					};
				};
			};
			buildConfigurationList = 36DC26EF1994CE5000E7BAE0 /* Build configuration list for PBXProject "PhysicsGame" */;
			compatibilityVersion = "Xcode 3.2";
			developmentRegion = English;
			hasScannedForEncodings = 0;
			knownRegions = (
				en,
				Base,
			);
			mainGroup = 36DC26EB1994CE5000E7BAE0;
			productRefGroup = 36DC26F51994CE5000E7BAE0 /* Products */;
			projectDirPath = "";
			projectRoot = "";
			targets = (
				36DC26F31994CE5000E7BAE0 /* PhysicsGame */,
				36DC27091994CE5000E7BAE0 /* PhysicsGameTests */,
			);
		};
/* End PBXProject section */

/* Begin PBXResourcesBuildPhase section */
		36DC26F21994CE5000E7BAE0 /* Resources */ = {
			isa = PBXResourcesBuildPhase;
			buildActionMask = 2147483647;
			files = (
				36DC27051994CE5000E7BAE0 /* Images.xcassets in Resources */,
				36DC26FC1994CE5000E7BAE0 /* GameScene.sks in Resources */,
				36DC27031994CE5000E7BAE0 /* Main.storyboard in Resources */,
			);
			runOnlyForDeploymentPostprocessing = 0;
		};
		36DC27081994CE5000E7BAE0 /* Resources */ = {
			isa = PBXResourcesBuildPhase;
			buildActionMask = 2147483647;
			files = (
			);
			runOnlyForDeploymentPostprocessing = 0;
		};
/* End PBXResourcesBuildPhase section */

/* Begin PBXSourcesBuildPhase section */
		36DC26F01994CE5000E7BAE0 /* Sources */ = {
			isa = PBXSourcesBuildPhase;
			buildActionMask = 2147483647;
			files = (
				36DC26FE1994CE5000E7BAE0 /* GameScene.swift in Sources */,
				36DC27001994CE5000E7BAE0 /* GameViewController.swift in Sources */,
				36DC26FA1994CE5000E7BAE0 /* AppDelegate.swift in Sources */,
			);
			runOnlyForDeploymentPostprocessing = 0;
		};
		36DC27061994CE5000E7BAE0 /* Sources */ = {
			isa = PBXSourcesBuildPhase;
			buildActionMask = 2147483647;
			files = (
				36DC27111994CE5000E7BAE0 /* PhysicsGameTests.swift in Sources */,
			);
			runOnlyForDeploymentPostprocessing = 0;
		};
/* End PBXSourcesBuildPhase section */

/* Begin PBXTargetDependency section */
		36DC270C1994CE5000E7BAE0 /* PBXTargetDependency */ = {
			isa = PBXTargetDependency;
			target = 36DC26F31994CE5000E7BAE0 /* PhysicsGame */;
			targetProxy = 36DC270B1994CE5000E7BAE0 /* PBXContainerItemProxy */;
		};
/* End PBXTargetDependency section */

/* Begin PBXVariantGroup section */
		36DC27011994CE5000E7BAE0 /* Main.storyboard */ = {
			isa = PBXVariantGroup;
			children = (
				36DC27021994CE5000E7BAE0 /* Base */,
			);
			name = Main.storyboard;
			sourceTree = "<group>";
		};
/* End PBXVariantGroup section */

/* Begin XCBuildConfiguration section */
		36DC27121994CE5000E7BAE0 /* Debug */ = {
			isa = XCBuildConfiguration;
			buildSettings = {
				ALWAYS_SEARCH_USER_PATHS = NO;
				CLANG_CXX_LANGUAGE_STANDARD = "gnu++0x";
				CLANG_CXX_LIBRARY = "libc++";
				CLANG_ENABLE_MODULES = YES;
				CLANG_ENABLE_OBJC_ARC = YES;
				CLANG_WARN_BOOL_CONVERSION = YES;
				CLANG_WARN_CONSTANT_CONVERSION = YES;
				CLANG_WARN_DIRECT_OBJC_ISA_USAGE = YES_ERROR;
				CLANG_WARN_EMPTY_BODY = YES;
				CLANG_WARN_ENUM_CONVERSION = YES;
				CLANG_WARN_INT_CONVERSION = YES;
				CLANG_WARN_OBJC_ROOT_CLASS = YES_ERROR;
				CLANG_WARN_UNREACHABLE_CODE = YES;
				CLANG_WARN__DUPLICATE_METHOD_MATCH = YES;
				"CODE_SIGN_IDENTITY[sdk=iphoneos*]" = "iPhone Developer";
				COPY_PHASE_STRIP = NO;
				ENABLE_STRICT_OBJC_MSGSEND = YES;
				GCC_C_LANGUAGE_STANDARD = gnu99;
				GCC_DYNAMIC_NO_PIC = NO;
				GCC_OPTIMIZATION_LEVEL = 0;
				GCC_PREPROCESSOR_DEFINITIONS = (
					"DEBUG=1",
					"$(inherited)",
				);
				GCC_SYMBOLS_PRIVATE_EXTERN = NO;
				GCC_WARN_64_TO_32_BIT_CONVERSION = YES;
				GCC_WARN_ABOUT_RETURN_TYPE = YES_ERROR;
				GCC_WARN_UNDECLARED_SELECTOR = YES;
				GCC_WARN_UNINITIALIZED_AUTOS = YES_AGGRESSIVE;
				GCC_WARN_UNUSED_FUNCTION = YES;
				GCC_WARN_UNUSED_VARIABLE = YES;
				IPHONEOS_DEPLOYMENT_TARGET = 8.0;
				MTL_ENABLE_DEBUG_INFO = YES;
				ONLY_ACTIVE_ARCH = YES;
				SDKROOT = iphoneos;
				SWIFT_OPTIMIZATION_LEVEL = "-Onone";
			};
			name = Debug;
		};
		36DC27131994CE5000E7BAE0 /* Release */ = {
			isa = XCBuildConfiguration;
			buildSettings = {
				ALWAYS_SEARCH_USER_PATHS = NO;
				CLANG_CXX_LANGUAGE_STANDARD = "gnu++0x";
				CLANG_CXX_LIBRARY = "libc++";
				CLANG_ENABLE_MODULES = YES;
				CLANG_ENABLE_OBJC_ARC = YES;
				CLANG_WARN_BOOL_CONVERSION = YES;
				CLANG_WARN_CONSTANT_CONVERSION = YES;
				CLANG_WARN_DIRECT_OBJC_ISA_USAGE = YES_ERROR;
				CLANG_WARN_EMPTY_BODY = YES;
				CLANG_WARN_ENUM_CONVERSION = YES;
				CLANG_WARN_INT_CONVERSION = YES;
				CLANG_WARN_OBJC_ROOT_CLASS = YES_ERROR;
				CLANG_WARN_UNREACHABLE_CODE = YES;
				CLANG_WARN__DUPLICATE_METHOD_MATCH = YES;
				"CODE_SIGN_IDENTITY[sdk=iphoneos*]" = "iPhone Developer";
				COPY_PHASE_STRIP = YES;
				ENABLE_NS_ASSERTIONS = NO;
				ENABLE_STRICT_OBJC_MSGSEND = YES;
				GCC_C_LANGUAGE_STANDARD = gnu99;
				GCC_WARN_64_TO_32_BIT_CONVERSION = YES;
				GCC_WARN_ABOUT_RETURN_TYPE = YES_ERROR;
				GCC_WARN_UNDECLARED_SELECTOR = YES;
				GCC_WARN_UNINITIALIZED_AUTOS = YES_AGGRESSIVE;
				GCC_WARN_UNUSED_FUNCTION = YES;
				GCC_WARN_UNUSED_VARIABLE = YES;
				IPHONEOS_DEPLOYMENT_TARGET = 8.0;
				MTL_ENABLE_DEBUG_INFO = NO;
				SDKROOT = iphoneos;
				VALIDATE_PRODUCT = YES;
			};
			name = Release;
		};
		36DC27151994CE5000E7BAE0 /* Debug */ = {
			isa = XCBuildConfiguration;
			buildSettings = {
				ASSETCATALOG_COMPILER_APPICON_NAME = AppIcon;
				ASSETCATALOG_COMPILER_LAUNCHIMAGE_NAME = LaunchImage;
				INFOPLIST_FILE = PhysicsGame/Info.plist;
				LD_RUNPATH_SEARCH_PATHS = "$(inherited) @executable_path/Frameworks";
				PRODUCT_NAME = "$(TARGET_NAME)";
			};
			name = Debug;
		};
		36DC27161994CE5000E7BAE0 /* Release */ = {
			isa = XCBuildConfiguration;
			buildSettings = {
				ASSETCATALOG_COMPILER_APPICON_NAME = AppIcon;
				ASSETCATALOG_COMPILER_LAUNCHIMAGE_NAME = LaunchImage;
				INFOPLIST_FILE = PhysicsGame/Info.plist;
				LD_RUNPATH_SEARCH_PATHS = "$(inherited) @executable_path/Frameworks";
				PRODUCT_NAME = "$(TARGET_NAME)";
			};
			name = Release;
		};
		36DC27181994CE5000E7BAE0 /* Debug */ = {
			isa = XCBuildConfiguration;
			buildSettings = {
				BUNDLE_LOADER = "$(BUILT_PRODUCTS_DIR)/PhysicsGame.app/PhysicsGame";
				FRAMEWORK_SEARCH_PATHS = (
					"$(SDKROOT)/Developer/Library/Frameworks",
					"$(inherited)",
				);
				GCC_PREPROCESSOR_DEFINITIONS = (
					"DEBUG=1",
					"$(inherited)",
				);
				INFOPLIST_FILE = PhysicsGameTests/Info.plist;
				LD_RUNPATH_SEARCH_PATHS = "$(inherited) @executable_path/Frameworks @loader_path/Frameworks";
				PRODUCT_NAME = "$(TARGET_NAME)";
				TEST_HOST = "$(BUNDLE_LOADER)";
			};
			name = Debug;
		};
		36DC27191994CE5000E7BAE0 /* Release */ = {
			isa = XCBuildConfiguration;
			buildSettings = {
				BUNDLE_LOADER = "$(BUILT_PRODUCTS_DIR)/PhysicsGame.app/PhysicsGame";
				FRAMEWORK_SEARCH_PATHS = (
					"$(SDKROOT)/Developer/Library/Frameworks",
					"$(inherited)",
				);
				INFOPLIST_FILE = PhysicsGameTests/Info.plist;
				LD_RUNPATH_SEARCH_PATHS = "$(inherited) @executable_path/Frameworks @loader_path/Frameworks";
				PRODUCT_NAME = "$(TARGET_NAME)";
				TEST_HOST = "$(BUNDLE_LOADER)";
			};
			name = Release;
		};
/* End XCBuildConfiguration section */

/* Begin XCConfigurationList section */
		36DC26EF1994CE5000E7BAE0 /* Build configuration list for PBXProject "PhysicsGame" */ = {
			isa = XCConfigurationList;
			buildConfigurations = (
				36DC27121994CE5000E7BAE0 /* Debug */,
				36DC27131994CE5000E7BAE0 /* Release */,
			);
			defaultConfigurationIsVisible = 0;
			defaultConfigurationName = Release;
		};
		36DC27141994CE5000E7BAE0 /* Build configuration list for PBXNativeTarget "PhysicsGame" */ = {
			isa = XCConfigurationList;
			buildConfigurations = (
				36DC27151994CE5000E7BAE0 /* Debug */,
				36DC27161994CE5000E7BAE0 /* Release */,
			);
			defaultConfigurationIsVisible = 0;
		};
		36DC27171994CE5000E7BAE0 /* Build configuration list for PBXNativeTarget "PhysicsGameTests" */ = {
			isa = XCConfigurationList;
			buildConfigurations = (
				36DC27181994CE5000E7BAE0 /* Debug */,
				36DC27191994CE5000E7BAE0 /* Release */,
			);
			defaultConfigurationIsVisible = 0;
		};
/* End XCConfigurationList section */
	};
	rootObject = 36DC26EC1994CE5000E7BAE0 /* Project object */;
}
