// !$*UTF8*$!
{
	archiveVersion = 1;
	classes = {
	};
	objectVersion = 46;
	objects = {

/* Begin PBXBuildFile section */
		362D30A3198F1A710015FE23 /* AppDelegate.swift in Sources */ = {isa = PBXBuildFile; fileRef = 362D30A2198F1A710015FE23 /* AppDelegate.swift */; };
		362D30A6198F1A710015FE23 /* Dropdown.xcdatamodeld in Sources */ = {isa = PBXBuildFile; fileRef = 362D30A4198F1A710015FE23 /* Dropdown.xcdatamodeld */; };
		362D30A8198F1A710015FE23 /* ViewController.swift in Sources */ = {isa = PBXBuildFile; fileRef = 362D30A7198F1A710015FE23 /* ViewController.swift */; };
		362D30AB198F1A710015FE23 /* Main.storyboard in Resources */ = {isa = PBXBuildFile; fileRef = 362D30A9198F1A710015FE23 /* Main.storyboard */; };
		362D30AD198F1A710015FE23 /* Images.xcassets in Resources */ = {isa = PBXBuildFile; fileRef = 362D30AC198F1A710015FE23 /* Images.xcassets */; };
		362D30B9198F1A710015FE23 /* DropdownTests.swift in Sources */ = {isa = PBXBuildFile; fileRef = 362D30B8198F1A710015FE23 /* DropdownTests.swift */; };
		362D30C3198F20B10015FE23 /* DisplayViewController.swift in Sources */ = {isa = PBXBuildFile; fileRef = 362D30C2198F20B10015FE23 /* DisplayViewController.swift */; };
/* End PBXBuildFile section */

/* Begin PBXContainerItemProxy section */
		362D30B3198F1A710015FE23 /* PBXContainerItemProxy */ = {
			isa = PBXContainerItemProxy;
			containerPortal = 362D3095198F1A710015FE23 /* Project object */;
			proxyType = 1;
			remoteGlobalIDString = 362D309C198F1A710015FE23;
			remoteInfo = Dropdown;
		};
/* End PBXContainerItemProxy section */

/* Begin PBXFileReference section */
		362D309D198F1A710015FE23 /* Dropdown.app */ = {isa = PBXFileReference; explicitFileType = wrapper.application; includeInIndex = 0; path = Dropdown.app; sourceTree = BUILT_PRODUCTS_DIR; };
		362D30A1198F1A710015FE23 /* Info.plist */ = {isa = PBXFileReference; lastKnownFileType = text.plist.xml; path = Info.plist; sourceTree = "<group>"; };
		362D30A2198F1A710015FE23 /* AppDelegate.swift */ = {isa = PBXFileReference; lastKnownFileType = sourcecode.swift; path = AppDelegate.swift; sourceTree = "<group>"; };
		362D30A5198F1A710015FE23 /* Dropdown.xcdatamodel */ = {isa = PBXFileReference; lastKnownFileType = wrapper.xcdatamodel; path = Dropdown.xcdatamodel; sourceTree = "<group>"; };
		362D30A7198F1A710015FE23 /* ViewController.swift */ = {isa = PBXFileReference; lastKnownFileType = sourcecode.swift; path = ViewController.swift; sourceTree = "<group>"; };
		362D30AA198F1A710015FE23 /* Base */ = {isa = PBXFileReference; lastKnownFileType = file.storyboard; name = Base; path = Base.lproj/Main.storyboard; sourceTree = "<group>"; };
		362D30AC198F1A710015FE23 /* Images.xcassets */ = {isa = PBXFileReference; lastKnownFileType = folder.assetcatalog; path = Images.xcassets; sourceTree = "<group>"; };
		362D30B2198F1A710015FE23 /* DropdownTests.xctest */ = {isa = PBXFileReference; explicitFileType = wrapper.cfbundle; includeInIndex = 0; path = DropdownTests.xctest; sourceTree = BUILT_PRODUCTS_DIR; };
		362D30B7198F1A710015FE23 /* Info.plist */ = {isa = PBXFileReference; lastKnownFileType = text.plist.xml; path = Info.plist; sourceTree = "<group>"; };
		362D30B8198F1A710015FE23 /* DropdownTests.swift */ = {isa = PBXFileReference; lastKnownFileType = sourcecode.swift; path = DropdownTests.swift; sourceTree = "<group>"; };
		362D30C2198F20B10015FE23 /* DisplayViewController.swift */ = {isa = PBXFileReference; fileEncoding = 4; lastKnownFileType = sourcecode.swift; path = DisplayViewController.swift; sourceTree = "<group>"; };
/* End PBXFileReference section */

/* Begin PBXFrameworksBuildPhase section */
		362D309A198F1A710015FE23 /* Frameworks */ = {
			isa = PBXFrameworksBuildPhase;
			buildActionMask = 2147483647;
			files = (
			);
			runOnlyForDeploymentPostprocessing = 0;
		};
		362D30AF198F1A710015FE23 /* Frameworks */ = {
			isa = PBXFrameworksBuildPhase;
			buildActionMask = 2147483647;
			files = (
			);
			runOnlyForDeploymentPostprocessing = 0;
		};
/* End PBXFrameworksBuildPhase section */

/* Begin PBXGroup section */
		362D3094198F1A710015FE23 = {
			isa = PBXGroup;
			children = (
				362D309F198F1A710015FE23 /* Dropdown */,
				362D30B5198F1A710015FE23 /* DropdownTests */,
				362D309E198F1A710015FE23 /* Products */,
			);
			sourceTree = "<group>";
		};
		362D309E198F1A710015FE23 /* Products */ = {
			isa = PBXGroup;
			children = (
				362D309D198F1A710015FE23 /* Dropdown.app */,
				362D30B2198F1A710015FE23 /* DropdownTests.xctest */,
			);
			name = Products;
			sourceTree = "<group>";
		};
		362D309F198F1A710015FE23 /* Dropdown */ = {
			isa = PBXGroup;
			children = (
				362D30A2198F1A710015FE23 /* AppDelegate.swift */,
				362D30A7198F1A710015FE23 /* ViewController.swift */,
				362D30C2198F20B10015FE23 /* DisplayViewController.swift */,
				362D30A9198F1A710015FE23 /* Main.storyboard */,
				362D30AC198F1A710015FE23 /* Images.xcassets */,
				362D30A4198F1A710015FE23 /* Dropdown.xcdatamodeld */,
				362D30A0198F1A710015FE23 /* Supporting Files */,
			);
			path = Dropdown;
			sourceTree = "<group>";
		};
		362D30A0198F1A710015FE23 /* Supporting Files */ = {
			isa = PBXGroup;
			children = (
				362D30A1198F1A710015FE23 /* Info.plist */,
			);
			name = "Supporting Files";
			sourceTree = "<group>";
		};
		362D30B5198F1A710015FE23 /* DropdownTests */ = {
			isa = PBXGroup;
			children = (
				362D30B8198F1A710015FE23 /* DropdownTests.swift */,
				362D30B6198F1A710015FE23 /* Supporting Files */,
			);
			path = DropdownTests;
			sourceTree = "<group>";
		};
		362D30B6198F1A710015FE23 /* Supporting Files */ = {
			isa = PBXGroup;
			children = (
				362D30B7198F1A710015FE23 /* Info.plist */,
			);
			name = "Supporting Files";
			sourceTree = "<group>";
		};
/* End PBXGroup section */

/* Begin PBXNativeTarget section */
		362D309C198F1A710015FE23 /* Dropdown */ = {
			isa = PBXNativeTarget;
			buildConfigurationList = 362D30BC198F1A710015FE23 /* Build configuration list for PBXNativeTarget "Dropdown" */;
			buildPhases = (
				362D3099198F1A710015FE23 /* Sources */,
				362D309A198F1A710015FE23 /* Frameworks */,
				362D309B198F1A710015FE23 /* Resources */,
			);
			buildRules = (
			);
			dependencies = (
			);
			name = Dropdown;
			productName = Dropdown;
			productReference = 362D309D198F1A710015FE23 /* Dropdown.app */;
			productType = "com.apple.product-type.application";
		};
		362D30B1198F1A710015FE23 /* DropdownTests */ = {
			isa = PBXNativeTarget;
			buildConfigurationList = 362D30BF198F1A710015FE23 /* Build configuration list for PBXNativeTarget "DropdownTests" */;
			buildPhases = (
				362D30AE198F1A710015FE23 /* Sources */,
				362D30AF198F1A710015FE23 /* Frameworks */,
				362D30B0198F1A710015FE23 /* Resources */,
			);
			buildRules = (
			);
			dependencies = (
				362D30B4198F1A710015FE23 /* PBXTargetDependency */,
			);
			name = DropdownTests;
			productName = DropdownTests;
			productReference = 362D30B2198F1A710015FE23 /* DropdownTests.xctest */;
			productType = "com.apple.product-type.bundle.unit-test";
		};
/* End PBXNativeTarget section */

/* Begin PBXProject section */
		362D3095198F1A710015FE23 /* Project object */ = {
			isa = PBXProject;
			attributes = {
				LastUpgradeCheck = 0600;
				ORGANIZATIONNAME = mohoo;
				TargetAttributes = {
					362D309C198F1A710015FE23 = {
						CreatedOnToolsVersion = 6.0;
					};
					362D30B1198F1A710015FE23 = {
						CreatedOnToolsVersion = 6.0;
						TestTargetID = 362D309C198F1A710015FE23;
					};
				};
			};
			buildConfigurationList = 362D3098198F1A710015FE23 /* Build configuration list for PBXProject "Dropdown" */;
			compatibilityVersion = "Xcode 3.2";
			developmentRegion = English;
			hasScannedForEncodings = 0;
			knownRegions = (
				en,
				Base,
			);
			mainGroup = 362D3094198F1A710015FE23;
			productRefGroup = 362D309E198F1A710015FE23 /* Products */;
			projectDirPath = "";
			projectRoot = "";
			targets = (
				362D309C198F1A710015FE23 /* Dropdown */,
				362D30B1198F1A710015FE23 /* DropdownTests */,
			);
		};
/* End PBXProject section */

/* Begin PBXResourcesBuildPhase section */
		362D309B198F1A710015FE23 /* Resources */ = {
			isa = PBXResourcesBuildPhase;
			buildActionMask = 2147483647;
			files = (
				362D30AB198F1A710015FE23 /* Main.storyboard in Resources */,
				362D30AD198F1A710015FE23 /* Images.xcassets in Resources */,
			);
			runOnlyForDeploymentPostprocessing = 0;
		};
		362D30B0198F1A710015FE23 /* Resources */ = {
			isa = PBXResourcesBuildPhase;
			buildActionMask = 2147483647;
			files = (
			);
			runOnlyForDeploymentPostprocessing = 0;
		};
/* End PBXResourcesBuildPhase section */

/* Begin PBXSourcesBuildPhase section */
		362D3099198F1A710015FE23 /* Sources */ = {
			isa = PBXSourcesBuildPhase;
			buildActionMask = 2147483647;
			files = (
				362D30A8198F1A710015FE23 /* ViewController.swift in Sources */,
				362D30C3198F20B10015FE23 /* DisplayViewController.swift in Sources */,
				362D30A6198F1A710015FE23 /* Dropdown.xcdatamodeld in Sources */,
				362D30A3198F1A710015FE23 /* AppDelegate.swift in Sources */,
			);
			runOnlyForDeploymentPostprocessing = 0;
		};
		362D30AE198F1A710015FE23 /* Sources */ = {
			isa = PBXSourcesBuildPhase;
			buildActionMask = 2147483647;
			files = (
				362D30B9198F1A710015FE23 /* DropdownTests.swift in Sources */,
			);
			runOnlyForDeploymentPostprocessing = 0;
		};
/* End PBXSourcesBuildPhase section */

/* Begin PBXTargetDependency section */
		362D30B4198F1A710015FE23 /* PBXTargetDependency */ = {
			isa = PBXTargetDependency;
			target = 362D309C198F1A710015FE23 /* Dropdown */;
			targetProxy = 362D30B3198F1A710015FE23 /* PBXContainerItemProxy */;
		};
/* End PBXTargetDependency section */

/* Begin PBXVariantGroup section */
		362D30A9198F1A710015FE23 /* Main.storyboard */ = {
			isa = PBXVariantGroup;
			children = (
				362D30AA198F1A710015FE23 /* Base */,
			);
			name = Main.storyboard;
			sourceTree = "<group>";
		};
/* End PBXVariantGroup section */

/* Begin XCBuildConfiguration section */
		362D30BA198F1A710015FE23 /* Debug */ = {
			isa = XCBuildConfiguration;
			buildSettings = {
				ALWAYS_SEARCH_USER_PATHS = NO;
				CLANG_CXX_LANGUAGE_STANDARD = "gnu++0x";
				CLANG_CXX_LIBRARY = "libc++";
				CLANG_ENABLE_MODULES = YES;
				CLANG_ENABLE_OBJC_ARC = YES;
				CLANG_WARN_BOOL_CONVERSION = YES;
				CLANG_WARN_CONSTANT_CONVERSION = YES;
				CLANG_WARN_DIRECT_OBJC_ISA_USAGE = YES_ERROR;
				CLANG_WARN_EMPTY_BODY = YES;
				CLANG_WARN_ENUM_CONVERSION = YES;
				CLANG_WARN_INT_CONVERSION = YES;
				CLANG_WARN_OBJC_ROOT_CLASS = YES_ERROR;
				CLANG_WARN_UNREACHABLE_CODE = YES;
				CLANG_WARN__DUPLICATE_METHOD_MATCH = YES;
				"CODE_SIGN_IDENTITY[sdk=iphoneos*]" = "iPhone Developer";
				COPY_PHASE_STRIP = NO;
				ENABLE_STRICT_OBJC_MSGSEND = YES;
				GCC_C_LANGUAGE_STANDARD = gnu99;
				GCC_DYNAMIC_NO_PIC = NO;
				GCC_OPTIMIZATION_LEVEL = 0;
				GCC_PREPROCESSOR_DEFINITIONS = (
					"DEBUG=1",
					"$(inherited)",
				);
				GCC_SYMBOLS_PRIVATE_EXTERN = NO;
				GCC_WARN_64_TO_32_BIT_CONVERSION = YES;
				GCC_WARN_ABOUT_RETURN_TYPE = YES_ERROR;
				GCC_WARN_UNDECLARED_SELECTOR = YES;
				GCC_WARN_UNINITIALIZED_AUTOS = YES_AGGRESSIVE;
				GCC_WARN_UNUSED_FUNCTION = YES;
				GCC_WARN_UNUSED_VARIABLE = YES;
				IPHONEOS_DEPLOYMENT_TARGET = 8.0;
				MTL_ENABLE_DEBUG_INFO = YES;
				ONLY_ACTIVE_ARCH = YES;
				SDKROOT = iphoneos;
				SWIFT_OPTIMIZATION_LEVEL = "-Onone";
			};
			name = Debug;
		};
		362D30BB198F1A710015FE23 /* Release */ = {
			isa = XCBuildConfiguration;
			buildSettings = {
				ALWAYS_SEARCH_USER_PATHS = NO;
				CLANG_CXX_LANGUAGE_STANDARD = "gnu++0x";
				CLANG_CXX_LIBRARY = "libc++";
				CLANG_ENABLE_MODULES = YES;
				CLANG_ENABLE_OBJC_ARC = YES;
				CLANG_WARN_BOOL_CONVERSION = YES;
				CLANG_WARN_CONSTANT_CONVERSION = YES;
				CLANG_WARN_DIRECT_OBJC_ISA_USAGE = YES_ERROR;
				CLANG_WARN_EMPTY_BODY = YES;
				CLANG_WARN_ENUM_CONVERSION = YES;
				CLANG_WARN_INT_CONVERSION = YES;
				CLANG_WARN_OBJC_ROOT_CLASS = YES_ERROR;
				CLANG_WARN_UNREACHABLE_CODE = YES;
				CLANG_WARN__DUPLICATE_METHOD_MATCH = YES;
				"CODE_SIGN_IDENTITY[sdk=iphoneos*]" = "iPhone Developer";
				COPY_PHASE_STRIP = YES;
				ENABLE_NS_ASSERTIONS = NO;
				ENABLE_STRICT_OBJC_MSGSEND = YES;
				GCC_C_LANGUAGE_STANDARD = gnu99;
				GCC_WARN_64_TO_32_BIT_CONVERSION = YES;
				GCC_WARN_ABOUT_RETURN_TYPE = YES_ERROR;
				GCC_WARN_UNDECLARED_SELECTOR = YES;
				GCC_WARN_UNINITIALIZED_AUTOS = YES_AGGRESSIVE;
				GCC_WARN_UNUSED_FUNCTION = YES;
				GCC_WARN_UNUSED_VARIABLE = YES;
				IPHONEOS_DEPLOYMENT_TARGET = 8.0;
				MTL_ENABLE_DEBUG_INFO = NO;
				SDKROOT = iphoneos;
				VALIDATE_PRODUCT = YES;
			};
			name = Release;
		};
		362D30BD198F1A710015FE23 /* Debug */ = {
			isa = XCBuildConfiguration;
			buildSettings = {
				ASSETCATALOG_COMPILER_APPICON_NAME = AppIcon;
				ASSETCATALOG_COMPILER_LAUNCHIMAGE_NAME = LaunchImage;
				INFOPLIST_FILE = Dropdown/Info.plist;
				LD_RUNPATH_SEARCH_PATHS = "$(inherited) @executable_path/Frameworks";
				PRODUCT_NAME = "$(TARGET_NAME)";
			};
			name = Debug;
		};
		362D30BE198F1A710015FE23 /* Release */ = {
			isa = XCBuildConfiguration;
			buildSettings = {
				ASSETCATALOG_COMPILER_APPICON_NAME = AppIcon;
				ASSETCATALOG_COMPILER_LAUNCHIMAGE_NAME = LaunchImage;
				INFOPLIST_FILE = Dropdown/Info.plist;
				LD_RUNPATH_SEARCH_PATHS = "$(inherited) @executable_path/Frameworks";
				PRODUCT_NAME = "$(TARGET_NAME)";
			};
			name = Release;
		};
		362D30C0198F1A710015FE23 /* Debug */ = {
			isa = XCBuildConfiguration;
			buildSettings = {
				BUNDLE_LOADER = "$(BUILT_PRODUCTS_DIR)/Dropdown.app/Dropdown";
				FRAMEWORK_SEARCH_PATHS = (
					"$(SDKROOT)/Developer/Library/Frameworks",
					"$(inherited)",
				);
				GCC_PREPROCESSOR_DEFINITIONS = (
					"DEBUG=1",
					"$(inherited)",
				);
				INFOPLIST_FILE = DropdownTests/Info.plist;
				LD_RUNPATH_SEARCH_PATHS = "$(inherited) @executable_path/Frameworks @loader_path/Frameworks";
				PRODUCT_NAME = "$(TARGET_NAME)";
				TEST_HOST = "$(BUNDLE_LOADER)";
			};
			name = Debug;
		};
		362D30C1198F1A710015FE23 /* Release */ = {
			isa = XCBuildConfiguration;
			buildSettings = {
				BUNDLE_LOADER = "$(BUILT_PRODUCTS_DIR)/Dropdown.app/Dropdown";
				FRAMEWORK_SEARCH_PATHS = (
					"$(SDKROOT)/Developer/Library/Frameworks",
					"$(inherited)",
				);
				INFOPLIST_FILE = DropdownTests/Info.plist;
				LD_RUNPATH_SEARCH_PATHS = "$(inherited) @executable_path/Frameworks @loader_path/Frameworks";
				PRODUCT_NAME = "$(TARGET_NAME)";
				TEST_HOST = "$(BUNDLE_LOADER)";
			};
			name = Release;
		};
/* End XCBuildConfiguration section */

/* Begin XCConfigurationList section */
		362D3098198F1A710015FE23 /* Build configuration list for PBXProject "Dropdown" */ = {
			isa = XCConfigurationList;
			buildConfigurations = (
				362D30BA198F1A710015FE23 /* Debug */,
				362D30BB198F1A710015FE23 /* Release */,
			);
			defaultConfigurationIsVisible = 0;
			defaultConfigurationName = Release;
		};
		362D30BC198F1A710015FE23 /* Build configuration list for PBXNativeTarget "Dropdown" */ = {
			isa = XCConfigurationList;
			buildConfigurations = (
				362D30BD198F1A710015FE23 /* Debug */,
				362D30BE198F1A710015FE23 /* Release */,
			);
			defaultConfigurationIsVisible = 0;
		};
		362D30BF198F1A710015FE23 /* Build configuration list for PBXNativeTarget "DropdownTests" */ = {
			isa = XCConfigurationList;
			buildConfigurations = (
				362D30C0198F1A710015FE23 /* Debug */,
				362D30C1198F1A710015FE23 /* Release */,
			);
			defaultConfigurationIsVisible = 0;
		};
/* End XCConfigurationList section */

/* Begin XCVersionGroup section */
		362D30A4198F1A710015FE23 /* Dropdown.xcdatamodeld */ = {
			isa = XCVersionGroup;
			children = (
				362D30A5198F1A710015FE23 /* Dropdown.xcdatamodel */,
			);
			currentVersion = 362D30A5198F1A710015FE23 /* Dropdown.xcdatamodel */;
			path = Dropdown.xcdatamodeld;
			sourceTree = "<group>";
			versionGroupType = wrapper.xcdatamodel;
		};
/* End XCVersionGroup section */
	};
	rootObject = 362D3095198F1A710015FE23 /* Project object */;
}
